// !$*UTF8*$!
{
	archiveVersion = 1;
	classes = {
	};
	objectVersion = 56;
	objects = {

/* Begin PBXBuildFile section */
		443ED2522C6F3E8B00E38D11 /* ControlView.swift in Sources */ = {isa = PBXBuildFile; fileRef = 443ED2512C6F3E8B00E38D11 /* ControlView.swift */; };
		443ED2542C6F3EC200E38D11 /* CustomButton.swift in Sources */ = {isa = PBXBuildFile; fileRef = 443ED2532C6F3EC200E38D11 /* CustomButton.swift */; };
		443ED2562C6F3EEF00E38D11 /* CustomSlider.swift in Sources */ = {isa = PBXBuildFile; fileRef = 443ED2552C6F3EEF00E38D11 /* CustomSlider.swift */; };
		44CD89D22C6F302D00CD99E6 /* randomizerApp.swift in Sources */ = {isa = PBXBuildFile; fileRef = 44CD89D12C6F302D00CD99E6 /* randomizerApp.swift */; };
		44CD89D62C6F302E00CD99E6 /* Assets.xcassets in Resources */ = {isa = PBXBuildFile; fileRef = 44CD89D52C6F302E00CD99E6 /* Assets.xcassets */; };
		44CD89D92C6F302E00CD99E6 /* Preview Assets.xcassets in Resources */ = {isa = PBXBuildFile; fileRef = 44CD89D82C6F302E00CD99E6 /* Preview Assets.xcassets */; };
		44CD89E02C6F397200CD99E6 /* RandomNumberView.swift in Sources */ = {isa = PBXBuildFile; fileRef = 44CD89DF2C6F397200CD99E6 /* RandomNumberView.swift */; };
		44CD89E22C6F3E0500CD99E6 /* RandomNumberViewModel.swift in Sources */ = {isa = PBXBuildFile; fileRef = 44CD89E12C6F3E0500CD99E6 /* RandomNumberViewModel.swift */; };
/* End PBXBuildFile section */

/* Begin PBXFileReference section */
		443ED2512C6F3E8B00E38D11 /* ControlView.swift */ = {isa = PBXFileReference; lastKnownFileType = sourcecode.swift; path = ControlView.swift; sourceTree = "<group>"; };
		443ED2532C6F3EC200E38D11 /* CustomButton.swift */ = {isa = PBXFileReference; lastKnownFileType = sourcecode.swift; path = CustomButton.swift; sourceTree = "<group>"; };
		443ED2552C6F3EEF00E38D11 /* CustomSlider.swift */ = {isa = PBXFileReference; lastKnownFileType = sourcecode.swift; path = CustomSlider.swift; sourceTree = "<group>"; };
		44CD89CE2C6F302D00CD99E6 /* randomizer.app */ = {isa = PBXFileReference; explicitFileType = wrapper.application; includeInIndex = 0; path = randomizer.app; sourceTree = BUILT_PRODUCTS_DIR; };
		44CD89D12C6F302D00CD99E6 /* randomizerApp.swift */ = {isa = PBXFileReference; lastKnownFileType = sourcecode.swift; path = randomizerApp.swift; sourceTree = "<group>"; };
		44CD89D52C6F302E00CD99E6 /* Assets.xcassets */ = {isa = PBXFileReference; lastKnownFileType = folder.assetcatalog; path = Assets.xcassets; sourceTree = "<group>"; };
		44CD89D82C6F302E00CD99E6 /* Preview Assets.xcassets */ = {isa = PBXFileReference; lastKnownFileType = folder.assetcatalog; path = "Preview Assets.xcassets"; sourceTree = "<group>"; };
		44CD89DF2C6F397200CD99E6 /* RandomNumberView.swift */ = {isa = PBXFileReference; lastKnownFileType = sourcecode.swift; path = RandomNumberView.swift; sourceTree = "<group>"; };
		44CD89E12C6F3E0500CD99E6 /* RandomNumberViewModel.swift */ = {isa = PBXFileReference; lastKnownFileType = sourcecode.swift; path = RandomNumberViewModel.swift; sourceTree = "<group>"; };
/* End PBXFileReference section */

/* Begin PBXFrameworksBuildPhase section */
		44CD89CB2C6F302D00CD99E6 /* Frameworks */ = {
			isa = PBXFrameworksBuildPhase;
			buildActionMask = 2147483647;
			files = (
			);
			runOnlyForDeploymentPostprocessing = 0;
		};
/* End PBXFrameworksBuildPhase section */

/* Begin PBXGroup section */
		44CD89C52C6F302D00CD99E6 = {
			isa = PBXGroup;
			children = (
				44CD89D02C6F302D00CD99E6 /* randomizer */,
				44CD89CF2C6F302D00CD99E6 /* Products */,
			);
			sourceTree = "<group>";
		};
		44CD89CF2C6F302D00CD99E6 /* Products */ = {
			isa = PBXGroup;
			children = (
				44CD89CE2C6F302D00CD99E6 /* randomizer.app */,
			);
			name = Products;
			sourceTree = "<group>";
		};
		44CD89D02C6F302D00CD99E6 /* randomizer */ = {
			isa = PBXGroup;
			children = (
				44CD89DF2C6F397200CD99E6 /* RandomNumberView.swift */,
				443ED2512C6F3E8B00E38D11 /* ControlView.swift */,
				443ED2532C6F3EC200E38D11 /* CustomButton.swift */,
				443ED2552C6F3EEF00E38D11 /* CustomSlider.swift */,
				44CD89E12C6F3E0500CD99E6 /* RandomNumberViewModel.swift */,
				44CD89D12C6F302D00CD99E6 /* randomizerApp.swift */,
				44CD89D52C6F302E00CD99E6 /* Assets.xcassets */,
				44CD89D72C6F302E00CD99E6 /* Preview Content */,
			);
			path = randomizer;
			sourceTree = "<group>";
		};
		44CD89D72C6F302E00CD99E6 /* Preview Content */ = {
			isa = PBXGroup;
			children = (
				44CD89D82C6F302E00CD99E6 /* Preview Assets.xcassets */,
			);
			path = "Preview Content";
			sourceTree = "<group>";
		};
/* End PBXGroup section */

/* Begin PBXNativeTarget section */
		44CD89CD2C6F302D00CD99E6 /* randomizer */ = {
			isa = PBXNativeTarget;
			buildConfigurationList = 44CD89DC2C6F302E00CD99E6 /* Build configuration list for PBXNativeTarget "randomizer" */;
			buildPhases = (
				44CD89CA2C6F302D00CD99E6 /* Sources */,
				44CD89CB2C6F302D00CD99E6 /* Frameworks */,
				44CD89CC2C6F302D00CD99E6 /* Resources */,
			);
			buildRules = (
			);
			dependencies = (
			);
			name = randomizer;
			productName = randomizer;
			productReference = 44CD89CE2C6F302D00CD99E6 /* randomizer.app */;
			productType = "com.apple.product-type.application";
		};
/* End PBXNativeTarget section */

/* Begin PBXProject section */
		44CD89C62C6F302D00CD99E6 /* Project object */ = {
			isa = PBXProject;
			attributes = {
				BuildIndependentTargetsInParallel = 1;
				LastSwiftUpdateCheck = 1540;
				LastUpgradeCheck = 1540;
				TargetAttributes = {
					44CD89CD2C6F302D00CD99E6 = {
						CreatedOnToolsVersion = 15.4;
					};
				};
			};
			buildConfigurationList = 44CD89C92C6F302D00CD99E6 /* Build configuration list for PBXProject "randomizer" */;
			compatibilityVersion = "Xcode 14.0";
			developmentRegion = en;
			hasScannedForEncodings = 0;
			knownRegions = (
				en,
				Base,
			);
			mainGroup = 44CD89C52C6F302D00CD99E6;
			productRefGroup = 44CD89CF2C6F302D00CD99E6 /* Products */;
			projectDirPath = "";
			projectRoot = "";
			targets = (
				44CD89CD2C6F302D00CD99E6 /* randomizer */,
			);
		};
/* End PBXProject section */

/* Begin PBXResourcesBuildPhase section */
		44CD89CC2C6F302D00CD99E6 /* Resources */ = {
			isa = PBXResourcesBuildPhase;
			buildActionMask = 2147483647;
			files = (
				44CD89D92C6F302E00CD99E6 /* Preview Assets.xcassets in Resources */,
				44CD89D62C6F302E00CD99E6 /* Assets.xcassets in Resources */,
			);
			runOnlyForDeploymentPostprocessing = 0;
		};
/* End PBXResourcesBuildPhase section */

/* Begin PBXSourcesBuildPhase section */
		44CD89CA2C6F302D00CD99E6 /* Sources */ = {
			isa = PBXSourcesBuildPhase;
			buildActionMask = 2147483647;
			files = (
				44CD89E22C6F3E0500CD99E6 /* RandomNumberViewModel.swift in Sources */,
				443ED2562C6F3EEF00E38D11 /* CustomSlider.swift in Sources */,
				443ED2542C6F3EC200E38D11 /* CustomButton.swift in Sources */,
				44CD89E02C6F397200CD99E6 /* RandomNumberView.swift in Sources */,
				44CD89D22C6F302D00CD99E6 /* randomizerApp.swift in Sources */,
				443ED2522C6F3E8B00E38D11 /* ControlView.swift in Sources */,
			);
			runOnlyForDeploymentPostprocessing = 0;
		};
/* End PBXSourcesBuildPhase section */

/* Begin XCBuildConfiguration section */
		44CD89DA2C6F302E00CD99E6 /* Debug */ = {
			isa = XCBuildConfiguration;
			buildSettings = {
				ALWAYS_SEARCH_USER_PATHS = NO;
				ASSETCATALOG_COMPILER_GENERATE_SWIFT_ASSET_SYMBOL_EXTENSIONS = YES;
				CLANG_ANALYZER_NONNULL = YES;
				CLANG_ANALYZER_NUMBER_OBJECT_CONVERSION = YES_AGGRESSIVE;
				CLANG_CXX_LANGUAGE_STANDARD = "gnu++20";
				CLANG_ENABLE_MODULES = YES;
				CLANG_ENABLE_OBJC_ARC = YES;
				CLANG_ENABLE_OBJC_WEAK = YES;
				CLANG_WARN_BLOCK_CAPTURE_AUTORELEASING = YES;
				CLANG_WARN_BOOL_CONVERSION = YES;
				CLANG_WARN_COMMA = YES;
				CLANG_WARN_CONSTANT_CONVERSION = YES;
				CLANG_WARN_DEPRECATED_OBJC_IMPLEMENTATIONS = YES;
				CLANG_WARN_DIRECT_OBJC_ISA_USAGE = YES_ERROR;
				CLANG_WARN_DOCUMENTATION_COMMENTS = YES;
				CLANG_WARN_EMPTY_BODY = YES;
				CLANG_WARN_ENUM_CONVERSION = YES;
				CLANG_WARN_INFINITE_RECURSION = YES;
				CLANG_WARN_INT_CONVERSION = YES;
				CLANG_WARN_NON_LITERAL_NULL_CONVERSION = YES;
				CLANG_WARN_OBJC_IMPLICIT_RETAIN_SELF = YES;
				CLANG_WARN_OBJC_LITERAL_CONVERSION = YES;
				CLANG_WARN_OBJC_ROOT_CLASS = YES_ERROR;
				CLANG_WARN_QUOTED_INCLUDE_IN_FRAMEWORK_HEADER = YES;
				CLANG_WARN_RANGE_LOOP_ANALYSIS = YES;
				CLANG_WARN_STRICT_PROTOTYPES = YES;
				CLANG_WARN_SUSPICIOUS_MOVE = YES;
				CLANG_WARN_UNGUARDED_AVAILABILITY = YES_AGGRESSIVE;
				CLANG_WARN_UNREACHABLE_CODE = YES;
				CLANG_WARN__DUPLICATE_METHOD_MATCH = YES;
				COPY_PHASE_STRIP = NO;
				DEBUG_INFORMATION_FORMAT = dwarf;
				ENABLE_STRICT_OBJC_MSGSEND = YES;
				ENABLE_TESTABILITY = YES;
				ENABLE_USER_SCRIPT_SANDBOXING = YES;
				GCC_C_LANGUAGE_STANDARD = gnu17;
				GCC_DYNAMIC_NO_PIC = NO;
				GCC_NO_COMMON_BLOCKS = YES;
				GCC_OPTIMIZATION_LEVEL = 0;
				GCC_PREPROCESSOR_DEFINITIONS = (
					"DEBUG=1",
					"$(inherited)",
				);
				GCC_WARN_64_TO_32_BIT_CONVERSION = YES;
				GCC_WARN_ABOUT_RETURN_TYPE = YES_ERROR;
				GCC_WARN_UNDECLARED_SELECTOR = YES;
				GCC_WARN_UNINITIALIZED_AUTOS = YES_AGGRESSIVE;
				GCC_WARN_UNUSED_FUNCTION = YES;
				GCC_WARN_UNUSED_VARIABLE = YES;
				IPHONEOS_DEPLOYMENT_TARGET = 17.5;
				LOCALIZATION_PREFERS_STRING_CATALOGS = YES;
				MTL_ENABLE_DEBUG_INFO = INCLUDE_SOURCE;
				MTL_FAST_MATH = YES;
				ONLY_ACTIVE_ARCH = YES;
				SDKROOT = iphoneos;
				SWIFT_ACTIVE_COMPILATION_CONDITIONS = "DEBUG $(inherited)";
				SWIFT_OPTIMIZATION_LEVEL = "-Onone";
			};
			name = Debug;
		};
		44CD89DB2C6F302E00CD99E6 /* Release */ = {
			isa = XCBuildConfiguration;
			buildSettings = {
				ALWAYS_SEARCH_USER_PATHS = NO;
				ASSETCATALOG_COMPILER_GENERATE_SWIFT_ASSET_SYMBOL_EXTENSIONS = YES;
				CLANG_ANALYZER_NONNULL = YES;
				CLANG_ANALYZER_NUMBER_OBJECT_CONVERSION = YES_AGGRESSIVE;
				CLANG_CXX_LANGUAGE_STANDARD = "gnu++20";
				CLANG_ENABLE_MODULES = YES;
				CLANG_ENABLE_OBJC_ARC = YES;
				CLANG_ENABLE_OBJC_WEAK = YES;
				CLANG_WARN_BLOCK_CAPTURE_AUTORELEASING = YES;
				CLANG_WARN_BOOL_CONVERSION = YES;
				CLANG_WARN_COMMA = YES;
				CLANG_WARN_CONSTANT_CONVERSION = YES;
				CLANG_WARN_DEPRECATED_OBJC_IMPLEMENTATIONS = YES;
				CLANG_WARN_DIRECT_OBJC_ISA_USAGE = YES_ERROR;
				CLANG_WARN_DOCUMENTATION_COMMENTS = YES;
				CLANG_WARN_EMPTY_BODY = YES;
				CLANG_WARN_ENUM_CONVERSION = YES;
				CLANG_WARN_INFINITE_RECURSION = YES;
				CLANG_WARN_INT_CONVERSION = YES;
				CLANG_WARN_NON_LITERAL_NULL_CONVERSION = YES;
				CLANG_WARN_OBJC_IMPLICIT_RETAIN_SELF = YES;
				CLANG_WARN_OBJC_LITERAL_CONVERSION = YES;
				CLANG_WARN_OBJC_ROOT_CLASS = YES_ERROR;
				CLANG_WARN_QUOTED_INCLUDE_IN_FRAMEWORK_HEADER = YES;
				CLANG_WARN_RANGE_LOOP_ANALYSIS = YES;
				CLANG_WARN_STRICT_PROTOTYPES = YES;
				CLANG_WARN_SUSPICIOUS_MOVE = YES;
				CLANG_WARN_UNGUARDED_AVAILABILITY = YES_AGGRESSIVE;
				CLANG_WARN_UNREACHABLE_CODE = YES;
				CLANG_WARN__DUPLICATE_METHOD_MATCH = YES;
				COPY_PHASE_STRIP = NO;
				DEBUG_INFORMATION_FORMAT = "dwarf-with-dsym";
				ENABLE_NS_ASSERTIONS = NO;
				ENABLE_STRICT_OBJC_MSGSEND = YES;
				ENABLE_USER_SCRIPT_SANDBOXING = YES;
				GCC_C_LANGUAGE_STANDARD = gnu17;
				GCC_NO_COMMON_BLOCKS = YES;
				GCC_WARN_64_TO_32_BIT_CONVERSION = YES;
				GCC_WARN_ABOUT_RETURN_TYPE = YES_ERROR;
				GCC_WARN_UNDECLARED_SELECTOR = YES;
				GCC_WARN_UNINITIALIZED_AUTOS = YES_AGGRESSIVE;
				GCC_WARN_UNUSED_FUNCTION = YES;
				GCC_WARN_UNUSED_VARIABLE = YES;
				IPHONEOS_DEPLOYMENT_TARGET = 17.5;
				LOCALIZATION_PREFERS_STRING_CATALOGS = YES;
				MTL_ENABLE_DEBUG_INFO = NO;
				MTL_FAST_MATH = YES;
				SDKROOT = iphoneos;
				SWIFT_COMPILATION_MODE = wholemodule;
				VALIDATE_PRODUCT = YES;
			};
			name = Release;
		};
		44CD89DD2C6F302E00CD99E6 /* Debug */ = {
			isa = XCBuildConfiguration;
			buildSettings = {
				ASSETCATALOG_COMPILER_APPICON_NAME = AppIcon;
				ASSETCATALOG_COMPILER_GLOBAL_ACCENT_COLOR_NAME = AccentColor;
				CODE_SIGN_STYLE = Automatic;
				CURRENT_PROJECT_VERSION = 1;
				DEVELOPMENT_ASSET_PATHS = "\"randomizer/Preview Content\"";
				DEVELOPMENT_TEAM = 2ABM7Y56LW;
				ENABLE_PREVIEWS = YES;
				GENERATE_INFOPLIST_FILE = YES;
				INFOPLIST_KEY_UIApplicationSceneManifest_Generation = YES;
				INFOPLIST_KEY_UIApplicationSupportsIndirectInputEvents = YES;
				INFOPLIST_KEY_UILaunchScreen_Generation = YES;
				INFOPLIST_KEY_UISupportedInterfaceOrientations_iPad = "UIInterfaceOrientationPortrait UIInterfaceOrientationPortraitUpsideDown UIInterfaceOrientationLandscapeLeft UIInterfaceOrientationLandscapeRight";
				INFOPLIST_KEY_UISupportedInterfaceOrientations_iPhone = "UIInterfaceOrientationPortrait UIInterfaceOrientationLandscapeLeft UIInterfaceOrientationLandscapeRight";
				LD_RUNPATH_SEARCH_PATHS = (
					"$(inherited)",
					"@executable_path/Frameworks",
				);
				MARKETING_VERSION = 1.0;
				PRODUCT_BUNDLE_IDENTIFIER = com.didriksen.kaj.randomizer;
				PRODUCT_NAME = "$(TARGET_NAME)";
				SWIFT_EMIT_LOC_STRINGS = YES;
				SWIFT_VERSION = 5.0;
				TARGETED_DEVICE_FAMILY = "1,2";
			};
			name = Debug;
		};
		44CD89DE2C6F302E00CD99E6 /* Release */ = {
			isa = XCBuildConfiguration;
			buildSettings = {
				ASSETCATALOG_COMPILER_APPICON_NAME = AppIcon;
				ASSETCATALOG_COMPILER_GLOBAL_ACCENT_COLOR_NAME = AccentColor;
				CODE_SIGN_STYLE = Automatic;
				CURRENT_PROJECT_VERSION = 1;
				DEVELOPMENT_ASSET_PATHS = "\"randomizer/Preview Content\"";
				DEVELOPMENT_TEAM = 2ABM7Y56LW;
				ENABLE_PREVIEWS = YES;
				GENERATE_INFOPLIST_FILE = YES;
				INFOPLIST_KEY_UIApplicationSceneManifest_Generation = YES;
				INFOPLIST_KEY_UIApplicationSupportsIndirectInputEvents = YES;
				INFOPLIST_KEY_UILaunchScreen_Generation = YES;
				INFOPLIST_KEY_UISupportedInterfaceOrientations_iPad = "UIInterfaceOrientationPortrait UIInterfaceOrientationPortraitUpsideDown UIInterfaceOrientationLandscapeLeft UIInterfaceOrientationLandscapeRight";
				INFOPLIST_KEY_UISupportedInterfaceOrientations_iPhone = "UIInterfaceOrientationPortrait UIInterfaceOrientationLandscapeLeft UIInterfaceOrientationLandscapeRight";
				LD_RUNPATH_SEARCH_PATHS = (
					"$(inherited)",
					"@executable_path/Frameworks",
				);
				MARKETING_VERSION = 1.0;
				PRODUCT_BUNDLE_IDENTIFIER = com.didriksen.kaj.randomizer;
				PRODUCT_NAME = "$(TARGET_NAME)";
				SWIFT_EMIT_LOC_STRINGS = YES;
				SWIFT_VERSION = 5.0;
				TARGETED_DEVICE_FAMILY = "1,2";
			};
			name = Release;
		};
/* End XCBuildConfiguration section */

/* Begin XCConfigurationList section */
		44CD89C92C6F302D00CD99E6 /* Build configuration list for PBXProject "randomizer" */ = {
			isa = XCConfigurationList;
			buildConfigurations = (
				44CD89DA2C6F302E00CD99E6 /* Debug */,
				44CD89DB2C6F302E00CD99E6 /* Release */,
			);
			defaultConfigurationIsVisible = 0;
			defaultConfigurationName = Release;
		};
		44CD89DC2C6F302E00CD99E6 /* Build configuration list for PBXNativeTarget "randomizer" */ = {
			isa = XCConfigurationList;
			buildConfigurations = (
				44CD89DD2C6F302E00CD99E6 /* Debug */,
				44CD89DE2C6F302E00CD99E6 /* Release */,
			);
			defaultConfigurationIsVisible = 0;
			defaultConfigurationName = Release;
		};
/* End XCConfigurationList section */
	};
	rootObject = 44CD89C62C6F302D00CD99E6 /* Project object */;
}
